version = 1
revision = 1
requires-python = ">=3.13"

[[package]]
name = "micropython-rp2-stubs"
version = "1.25.0.post1"
source = { registry = "https://pypi.org/simple" }
dependencies = [
    { name = "micropython-stdlib-stubs" },
]
sdist = { url = "https://files.pythonhosted.org/packages/df/a3/fa9d3720d86b52e1a47b9f953a42ca0d447247eca85c8004872b6051bede/micropython_rp2_stubs-1.25.0.post1.tar.gz", hash = "sha256:65875f33f9ad0770eda524513c2dd644cdd584e4a49f518e8045a913dae893ff", size = 68021 }
wheels = [
    { url = "https://files.pythonhosted.org/packages/0e/3b/9a523526666f646a9069925f9fe9757df84cc237b759f60de68792309679/micropython_rp2_stubs-1.25.0.post1-py2.py3-none-any.whl", hash = "sha256:2137ce8c6ef4cc58d16a368e845a2dc05cfb7a828622403ac936a086f6174bc4", size = 91635 },
]

[[package]]
name = "micropython-stdlib-stubs"
version = "1.24.1.post2"
source = { registry = "https://pypi.org/simple" }
wheels = [
    { url = "https://files.pythonhosted.org/packages/d0/5e/b26e6f7e3f3d412635bb3bab4d950bcb07d7d8ec01a358d05e1216977bc3/micropython_stdlib_stubs-1.24.1.post2-py3-none-any.whl", hash = "sha256:1ef3b2cf4f84cd8a96bf05184c09498a246b87435bcea0235f3b49861a1d1cd1", size = 145403 },
]

[[package]]
name = "rover"
version = "0.1.0"
source = { virtual = "." }
dependencies = [
    { name = "micropython-rp2-stubs" },
]

[package.optional-dependencies]
stubs = [
    { name = "micropython-rp2-stubs" },
]

[package.metadata]
requires-dist = [
    { name = "micropython-rp2-stubs", specifier = ">=1.25.0.post1" },
    { name = "micropython-rp2-stubs", marker = "extra == 'stubs'" },
]
provides-extras = ["stubs"]
